
Microsoft Visual Studio Solution File, Format Version 12.00
# Visual Studio Version 17
VisualStudioVersion = 17.6.33620.401
MinimumVisualStudioVersion = 10.0.40219.1
Project("{FAE04EC0-301F-11D3-BF4B-00C04F79EFBC}") = "VectorConstantsBenchmarking", "VectorConstantsBenchmarking.csproj", "{18893CB1-99E1-4CBC-842D-9851DCEC4093}"
EndProject
Global
	GlobalSection(SolutionConfigurationPlatforms) = preSolution
		Debug|Any CPU = Debug|Any CPU
		Release|Any CPU = Release|Any CPU
	EndGlobalSection
	GlobalSection(ProjectConfigurationPlatforms) = postSolution
		{18893CB1-99E1-4CBC-842D-9851DCEC4093}.Debug|Any CPU.ActiveCfg = Debug|Any CPU
		{18893CB1-99E1-4CBC-842D-9851DCEC4093}.Debug|Any CPU.Build.0 = Debug|Any CPU
		{18893CB1-99E1-4CBC-842D-9851DCEC4093}.Release|Any CPU.ActiveCfg = Release|Any CPU
		{18893CB1-99E1-4CBC-842D-9851DCEC4093}.Release|Any CPU.Build.0 = Release|Any CPU
	EndGlobalSection
	GlobalSection(SolutionProperties) = preSolution
		HideSolutionNode = FALSE
	EndGlobalSection
	GlobalSection(ExtensibilityGlobals) = postSolution
		SolutionGuid = {3AD75B28-10F0-49DA-A310-AFCFD34C4BF0}
	EndGlobalSection
EndGlobal
